// !$*UTF8*$!
{
	archiveVersion = 1;
	classes = {
	};
	objectVersion = 77;
	objects = {

/* Begin PBXBuildFile section */
		1113119B2E36147B006A87B9 /* GoogleMobileAds in Frameworks */ = {isa = PBXBuildFile; productRef = 1113119A2E36147B006A87B9 /* GoogleMobileAds */; };
		11946B682E214592005E4F7E /* FirebaseFirestore in Frameworks */ = {isa = PBXBuildFile; productRef = 112F66052E1EFCB40025BCBB /* FirebaseFirestore */; };
		ADE287012E15266B00DBC7B7 /* SpolleApp.swift in Sources */ = {isa = PBXBuildFile; fileRef = ADE286F22E15266B00DBC7B7 /* SpolleApp.swift */; };
		ADE287022E15266B00DBC7B7 /* ContentView.swift in Sources */ = {isa = PBXBuildFile; fileRef = ADE286F32E15266B00DBC7B7 /* ContentView.swift */; };
		ADE287032E15266B00DBC7B7 /* AdMobManager.swift in Sources */ = {isa = PBXBuildFile; fileRef = ADE286F42E15266B00DBC7B7 /* AdMobManager.swift */; };
		ADE287042E15266B00DBC7B7 /* LanguageManager.swift in Sources */ = {isa = PBXBuildFile; fileRef = ADE286F52E15266B00DBC7B7 /* LanguageManager.swift */; };
		ADE287052E15266B00DBC7B7 /* LanguageSelectionView.swift in Sources */ = {isa = PBXBuildFile; fileRef = ADE286F62E15266B00DBC7B7 /* LanguageSelectionView.swift */; };
		ADE287062E15266B00DBC7B7 /* MultiplayerViews.swift in Sources */ = {isa = PBXBuildFile; fileRef = ADE286F72E15266B00DBC7B7 /* MultiplayerViews.swift */; };
		ADE287072E15266B00DBC7B7 /* MultiplayerGameManager.swift in Sources */ = {isa = PBXBuildFile; fileRef = ADE286F82E15266B00DBC7B7 /* MultiplayerGameManager.swift */; };
		ADE287082E15266B00DBC7B7 /* GameManager.swift in Sources */ = {isa = PBXBuildFile; fileRef = ADE286F92E15266B00DBC7B7 /* GameManager.swift */; };
		ADE287092E15266B00DBC7B7 /* AppRatingManager.swift in Sources */ = {isa = PBXBuildFile; fileRef = ADE286FA2E15266B00DBC7B7 /* AppRatingManager.swift */; };
		ADE2870A2E15266B00DBC7B7 /* RatingPromptView.swift in Sources */ = {isa = PBXBuildFile; fileRef = ADE286FB2E15266B00DBC7B7 /* RatingPromptView.swift */; };
		ADE2870B2E15266B00DBC7B7 /* FirestoreService.swift in Sources */ = {isa = PBXBuildFile; fileRef = ADE286FC2E15266B00DBC7B7 /* FirestoreService.swift */; };
		ADE2870C2E15266B00DBC7B7 /* SpotifyService.swift in Sources */ = {isa = PBXBuildFile; fileRef = ADE286FD2E15266B00DBC7B7 /* SpotifyService.swift */; };
		ADE2870D2E15266B00DBC7B7 /* Item.swift in Sources */ = {isa = PBXBuildFile; fileRef = ADE286FE2E15266B00DBC7B7 /* Item.swift */; };
		ADE2870E2E15266B00DBC7B7 /* SpotifySetupView.swift in Sources */ = {isa = PBXBuildFile; fileRef = ADE286FF2E15266B00DBC7B7 /* SpotifySetupView.swift */; };
		ADE287102E15266B00DBC7B7 /* GoogleService-Info.plist in Resources */ = {isa = PBXBuildFile; fileRef = ADE2870F2E15266B00DBC7B7 /* GoogleService-Info.plist */; };
		ADE287122E15266B00DBC7B7 /* Assets.xcassets in Resources */ = {isa = PBXBuildFile; fileRef = ADE287112E15266B00DBC7B7 /* Assets.xcassets */; };
/* End PBXBuildFile section */

/* Begin PBXContainerItemProxy section */
		ADE286D52E15266B00DBC7B7 /* PBXContainerItemProxy */ = {
			isa = PBXContainerItemProxy;
			containerPortal = ADE286BC2E15266800DBC7B7 /* Project object */;
			proxyType = 1;
			remoteGlobalIDString = ADE286C32E15266800DBC7B7;
			remoteInfo = songle;
		};
		ADE286DF2E15266B00DBC7B7 /* PBXContainerItemProxy */ = {
			isa = PBXContainerItemProxy;
			containerPortal = ADE286BC2E15266800DBC7B7 /* Project object */;
			proxyType = 1;
			remoteGlobalIDString = ADE286C32E15266800DBC7B7;
			remoteInfo = songle;
		};
/* End PBXContainerItemProxy section */

/* Begin PBXFileReference section */
		ADE286C42E15266800DBC7B7 /* Spolle.app */ = {isa = PBXFileReference; explicitFileType = wrapper.application; includeInIndex = 0; path = Spolle.app; sourceTree = BUILT_PRODUCTS_DIR; };
		ADE286D42E15266B00DBC7B7 /* SpolleTests.xctest */ = {isa = PBXFileReference; explicitFileType = wrapper.cfbundle; includeInIndex = 0; path = SpolleTests.xctest; sourceTree = BUILT_PRODUCTS_DIR; };
		ADE286DE2E15266B00DBC7B7 /* SpolleUITests.xctest */ = {isa = PBXFileReference; explicitFileType = wrapper.cfbundle; includeInIndex = 0; path = SpolleUITests.xctest; sourceTree = BUILT_PRODUCTS_DIR; };
		ADE286F12E15266B00DBC7B7 /* Info.plist */ = {isa = PBXFileReference; lastKnownFileType = text.plist.xml; path = Info.plist; sourceTree = "<group>"; };
		ADE286F22E15266B00DBC7B7 /* SpolleApp.swift */ = {isa = PBXFileReference; lastKnownFileType = sourcecode.swift; path = SpolleApp.swift; sourceTree = "<group>"; };
		ADE286F32E15266B00DBC7B7 /* ContentView.swift */ = {isa = PBXFileReference; lastKnownFileType = sourcecode.swift; path = ContentView.swift; sourceTree = "<group>"; };
		ADE286F42E15266B00DBC7B7 /* AdMobManager.swift */ = {isa = PBXFileReference; lastKnownFileType = sourcecode.swift; path = AdMobManager.swift; sourceTree = "<group>"; };
		ADE286F52E15266B00DBC7B7 /* LanguageManager.swift */ = {isa = PBXFileReference; lastKnownFileType = sourcecode.swift; path = LanguageManager.swift; sourceTree = "<group>"; };
		ADE286F62E15266B00DBC7B7 /* LanguageSelectionView.swift */ = {isa = PBXFileReference; lastKnownFileType = sourcecode.swift; path = LanguageSelectionView.swift; sourceTree = "<group>"; };
		ADE286F72E15266B00DBC7B7 /* MultiplayerViews.swift */ = {isa = PBXFileReference; lastKnownFileType = sourcecode.swift; path = MultiplayerViews.swift; sourceTree = "<group>"; };
		ADE286F82E15266B00DBC7B7 /* MultiplayerGameManager.swift */ = {isa = PBXFileReference; lastKnownFileType = sourcecode.swift; path = MultiplayerGameManager.swift; sourceTree = "<group>"; };
		ADE286F92E15266B00DBC7B7 /* GameManager.swift */ = {isa = PBXFileReference; lastKnownFileType = sourcecode.swift; path = GameManager.swift; sourceTree = "<group>"; };
		ADE286FA2E15266B00DBC7B7 /* AppRatingManager.swift */ = {isa = PBXFileReference; lastKnownFileType = sourcecode.swift; path = AppRatingManager.swift; sourceTree = "<group>"; };
		ADE286FB2E15266B00DBC7B7 /* RatingPromptView.swift */ = {isa = PBXFileReference; lastKnownFileType = sourcecode.swift; path = RatingPromptView.swift; sourceTree = "<group>"; };
		ADE286FC2E15266B00DBC7B7 /* FirestoreService.swift */ = {isa = PBXFileReference; lastKnownFileType = sourcecode.swift; path = FirestoreService.swift; sourceTree = "<group>"; };
		ADE286FD2E15266B00DBC7B7 /* SpotifyService.swift */ = {isa = PBXFileReference; lastKnownFileType = sourcecode.swift; path = SpotifyService.swift; sourceTree = "<group>"; };
		ADE286FE2E15266B00DBC7B7 /* Item.swift */ = {isa = PBXFileReference; lastKnownFileType = sourcecode.swift; path = Item.swift; sourceTree = "<group>"; };
		ADE286FF2E15266B00DBC7B7 /* SpotifySetupView.swift */ = {isa = PBXFileReference; lastKnownFileType = sourcecode.swift; path = SpotifySetupView.swift; sourceTree = "<group>"; };
		ADE287002E15266B00DBC7B7 /* Spolle.entitlements */ = {isa = PBXFileReference; lastKnownFileType = text.plist.entitlements; path = Spolle.entitlements; sourceTree = "<group>"; };
		ADE2870F2E15266B00DBC7B7 /* GoogleService-Info.plist */ = {isa = PBXFileReference; fileEncoding = 4; lastKnownFileType = text.plist.xml; path = "GoogleService-Info.plist"; sourceTree = "<group>"; };
		ADE287112E15266B00DBC7B7 /* Assets.xcassets */ = {isa = PBXFileReference; lastKnownFileType = folder.assetcatalog; path = Assets.xcassets; sourceTree = "<group>"; };
/* End PBXFileReference section */

/* Begin PBXFileSystemSynchronizedRootGroup section */
		ADE286C62E15266800DBC7B7 /* songle */ = {
			isa = PBXGroup;
			children = (
				ADE286F12E15266B00DBC7B7 /* Info.plist */,
				ADE286F22E15266B00DBC7B7 /* SpolleApp.swift */,
				ADE286F32E15266B00DBC7B7 /* ContentView.swift */,
				ADE286F42E15266B00DBC7B7 /* AdMobManager.swift */,
				ADE286F52E15266B00DBC7B7 /* LanguageManager.swift */,
				ADE286F62E15266B00DBC7B7 /* LanguageSelectionView.swift */,
				ADE286F72E15266B00DBC7B7 /* MultiplayerViews.swift */,
				ADE286F82E15266B00DBC7B7 /* MultiplayerGameManager.swift */,
				ADE286F92E15266B00DBC7B7 /* GameManager.swift */,
				ADE286FA2E15266B00DBC7B7 /* AppRatingManager.swift */,
				ADE286FB2E15266B00DBC7B7 /* RatingPromptView.swift */,
				ADE286FC2E15266B00DBC7B7 /* FirestoreService.swift */,
				ADE286FD2E15266B00DBC7B7 /* SpotifyService.swift */,
				ADE286FE2E15266B00DBC7B7 /* Item.swift */,
				ADE286FF2E15266B00DBC7B7 /* SpotifySetupView.swift */,
				ADE287002E15266B00DBC7B7 /* Spolle.entitlements */,
				ADE2870F2E15266B00DBC7B7 /* GoogleService-Info.plist */,
				ADE287112E15266B00DBC7B7 /* Assets.xcassets */,
			);
			path = songle;
			sourceTree = "<group>";
		};
		ADE286D72E15266B00DBC7B7 /* songleTests */ = {
			isa = PBXFileSystemSynchronizedRootGroup;
			path = songleTests;
			sourceTree = "<group>";
		};
		ADE286E12E15266B00DBC7B7 /* songleUITests */ = {
			isa = PBXFileSystemSynchronizedRootGroup;
			path = songleUITests;
			sourceTree = "<group>";
		};
/* End PBXFileSystemSynchronizedRootGroup section */

/* Begin PBXFrameworksBuildPhase section */
		ADE286C12E15266800DBC7B7 /* Frameworks */ = {
			isa = PBXFrameworksBuildPhase;
			buildActionMask = 2147483647;
			files = (
				11946B682E214592005E4F7E /* FirebaseFirestore in Frameworks */,
				1113119B2E36147B006A87B9 /* GoogleMobileAds in Frameworks */,
			);
			runOnlyForDeploymentPostprocessing = 0;
		};
		ADE286D12E15266B00DBC7B7 /* Frameworks */ = {
			isa = PBXFrameworksBuildPhase;
			buildActionMask = 2147483647;
			files = (
			);
			runOnlyForDeploymentPostprocessing = 0;
		};
		ADE286DB2E15266B00DBC7B7 /* Frameworks */ = {
			isa = PBXFrameworksBuildPhase;
			buildActionMask = 2147483647;
			files = (
			);
			runOnlyForDeploymentPostprocessing = 0;
		};
/* End PBXFrameworksBuildPhase section */

/* Begin PBXGroup section */
		ADE286BB2E15266800DBC7B7 = {
			isa = PBXGroup;
			children = (
				ADE286C62E15266800DBC7B7 /* songle */,
				ADE286D72E15266B00DBC7B7 /* songleTests */,
				ADE286E12E15266B00DBC7B7 /* songleUITests */,
				ADE286C52E15266800DBC7B7 /* Products */,
			);
			sourceTree = "<group>";
		};
		ADE286C52E15266800DBC7B7 /* Products */ = {
			isa = PBXGroup;
			children = (
				ADE286C42E15266800DBC7B7 /* Spolle.app */,
				ADE286D42E15266B00DBC7B7 /* SpolleTests.xctest */,
				ADE286DE2E15266B00DBC7B7 /* SpolleUITests.xctest */,
			);
			name = Products;
			sourceTree = "<group>";
		};
/* End PBXGroup section */

/* Begin PBXNativeTarget section */
		ADE286C32E15266800DBC7B7 /* Spolle */ = {
			isa = PBXNativeTarget;
			buildConfigurationList = ADE286E82E15266B00DBC7B7 /* Build configuration list for PBXNativeTarget "Spolle" */;
			buildPhases = (
				ADE286C02E15266800DBC7B7 /* Sources */,
				ADE286C12E15266800DBC7B7 /* Frameworks */,
				ADE286C22E15266800DBC7B7 /* Resources */,
			);
			buildRules = (
			);
			dependencies = (
			);
			fileSystemSynchronizedGroups = (
				ADE286C62E15266800DBC7B7 /* songle */,
			);
			name = Spolle;
			packageProductDependencies = (
				112F66052E1EFCB40025BCBB /* FirebaseFirestore */,
				1113119A2E36147B006A87B9 /* GoogleMobileAds */,
			);
			productName = Spolle;
			productReference = ADE286C42E15266800DBC7B7 /* Spolle.app */;
			productType = "com.apple.product-type.application";
		};
		ADE286D32E15266B00DBC7B7 /* SpolleTests */ = {
			isa = PBXNativeTarget;
			buildConfigurationList = ADE286EB2E15266B00DBC7B7 /* Build configuration list for PBXNativeTarget "SpolleTests" */;
			buildPhases = (
				ADE286D02E15266B00DBC7B7 /* Sources */,
				ADE286D12E15266B00DBC7B7 /* Frameworks */,
				ADE286D22E15266B00DBC7B7 /* Resources */,
			);
			buildRules = (
			);
			dependencies = (
				ADE286D62E15266B00DBC7B7 /* PBXTargetDependency */,
			);
			fileSystemSynchronizedGroups = (
				ADE286D72E15266B00DBC7B7 /* songleTests */,
			);
			name = SpolleTests;
			packageProductDependencies = (
			);
			productName = SpolleTests;
			productReference = ADE286D42E15266B00DBC7B7 /* SpolleTests.xctest */;
			productType = "com.apple.product-type.bundle.unit-test";
		};
		ADE286DD2E15266B00DBC7B7 /* SpolleUITests */ = {
			isa = PBXNativeTarget;
			buildConfigurationList = ADE286EE2E15266B00DBC7B7 /* Build configuration list for PBXNativeTarget "SpolleUITests" */;
			buildPhases = (
				ADE286DA2E15266B00DBC7B7 /* Sources */,
				ADE286DB2E15266B00DBC7B7 /* Frameworks */,
				ADE286DC2E15266B00DBC7B7 /* Resources */,
			);
			buildRules = (
			);
			dependencies = (
				ADE286E02E15266B00DBC7B7 /* PBXTargetDependency */,
			);
			fileSystemSynchronizedGroups = (
				ADE286E12E15266B00DBC7B7 /* songleUITests */,
			);
			name = SpolleUITests;
			packageProductDependencies = (
			);
			productName = SpolleUITests;
			productReference = ADE286DE2E15266B00DBC7B7 /* SpolleUITests.xctest */;
			productType = "com.apple.product-type.bundle.ui-testing";
		};
/* End PBXNativeTarget section */

/* Begin PBXProject section */
		ADE286BC2E15266800DBC7B7 /* Project object */ = {
			isa = PBXProject;
			attributes = {
				BuildIndependentTargetsInParallel = 1;
				LastSwiftUpdateCheck = 1640;
				LastUpgradeCheck = 1640;
				TargetAttributes = {
					ADE286C32E15266800DBC7B7 = {
						CreatedOnToolsVersion = 16.4;
					};
					ADE286D32E15266B00DBC7B7 = {
						CreatedOnToolsVersion = 16.4;
						TestTargetID = ADE286C32E15266800DBC7B7;
					};
					ADE286DD2E15266B00DBC7B7 = {
						CreatedOnToolsVersion = 16.4;
						TestTargetID = ADE286C32E15266800DBC7B7;
					};
				};
			};
			buildConfigurationList = ADE286BF2E15266800DBC7B7 /* Build configuration list for PBXProject "songle" */;
			developmentRegion = en;
			hasScannedForEncodings = 0;
			knownRegions = (
				en,
				Base,
			);
			mainGroup = ADE286BB2E15266800DBC7B7;
			minimizedProjectReferenceProxies = 1;
			packageReferences = (
				112F66042E1EFCB30025BCBB /* XCRemoteSwiftPackageReference "firebase-ios-sdk" */,
				111311B32E36147B006A87B9 /* XCRemoteSwiftPackageReference "swift-package-manager-google-mobile-ads" */,
			);
			preferredProjectObjectVersion = 77;
			productRefGroup = ADE286C52E15266800DBC7B7 /* Products */;
			projectDirPath = "";
			projectRoot = "";
			targets = (
				ADE286C32E15266800DBC7B7 /* Spolle */,
				ADE286D32E15266B00DBC7B7 /* SpolleTests */,
				ADE286DD2E15266B00DBC7B7 /* SpolleUITests */,
			);
		};
/* End PBXProject section */

/* Begin PBXResourcesBuildPhase section */
		ADE286C22E15266800DBC7B7 /* Resources */ = {
			isa = PBXResourcesBuildPhase;
			buildActionMask = 2147483647;
			files = (
				ADE287102E15266B00DBC7B7 /* GoogleService-Info.plist in Resources */,
				ADE287122E15266B00DBC7B7 /* Assets.xcassets in Resources */,
			);
			runOnlyForDeploymentPostprocessing = 0;
		};
		ADE286D22E15266B00DBC7B7 /* Resources */ = {
			isa = PBXResourcesBuildPhase;
			buildActionMask = 2147483647;
			files = (
			);
			runOnlyForDeploymentPostprocessing = 0;
		};
		ADE286DC2E15266B00DBC7B7 /* Resources */ = {
			isa = PBXResourcesBuildPhase;
			buildActionMask = 2147483647;
			files = (
			);
			runOnlyForDeploymentPostprocessing = 0;
		};
/* End PBXResourcesBuildPhase section */

/* Begin PBXSourcesBuildPhase section */
		ADE286C02E15266800DBC7B7 /* Sources */ = {
			isa = PBXSourcesBuildPhase;
			buildActionMask = 2147483647;
			files = (
				ADE287012E15266B00DBC7B7 /* SpolleApp.swift in Sources */,
				ADE287022E15266B00DBC7B7 /* ContentView.swift in Sources */,
				ADE287032E15266B00DBC7B7 /* AdMobManager.swift in Sources */,
				ADE287042E15266B00DBC7B7 /* LanguageManager.swift in Sources */,
				ADE287052E15266B00DBC7B7 /* LanguageSelectionView.swift in Sources */,
				ADE287062E15266B00DBC7B7 /* MultiplayerViews.swift in Sources */,
				ADE287072E15266B00DBC7B7 /* MultiplayerGameManager.swift in Sources */,
				ADE287082E15266B00DBC7B7 /* GameManager.swift in Sources */,
				ADE287092E15266B00DBC7B7 /* AppRatingManager.swift in Sources */,
				ADE2870A2E15266B00DBC7B7 /* RatingPromptView.swift in Sources */,
				ADE2870B2E15266B00DBC7B7 /* FirestoreService.swift in Sources */,
				ADE2870C2E15266B00DBC7B7 /* SpotifyService.swift in Sources */,
				ADE2870D2E15266B00DBC7B7 /* Item.swift in Sources */,
				ADE2870E2E15266B00DBC7B7 /* SpotifySetupView.swift in Sources */,
			);
			runOnlyForDeploymentPostprocessing = 0;
		};
		ADE286D02E15266B00DBC7B7 /* Sources */ = {
			isa = PBXSourcesBuildPhase;
			buildActionMask = 2147483647;
			files = (
			);
			runOnlyForDeploymentPostprocessing = 0;
		};
		ADE286DA2E15266B00DBC7B7 /* Sources */ = {
			isa = PBXSourcesBuildPhase;
			buildActionMask = 2147483647;
			files = (
			);
			runOnlyForDeploymentPostprocessing = 0;
		};
/* End PBXSourcesBuildPhase section */

/* Begin PBXTargetDependency section */
		ADE286D62E15266B00DBC7B7 /* PBXTargetDependency */ = {
			isa = PBXTargetDependency;
			target = ADE286C32E15266800DBC7B7 /* Spolle */;
			targetProxy = ADE286D52E15266B00DBC7B7 /* PBXContainerItemProxy */;
		};
		ADE286E02E15266B00DBC7B7 /* PBXTargetDependency */ = {
			isa = PBXTargetDependency;
			target = ADE286C32E15266800DBC7B7 /* Spolle */;
			targetProxy = ADE286DF2E15266B00DBC7B7 /* PBXContainerItemProxy */;
		};
/* End PBXTargetDependency section */

/* Begin XCBuildConfiguration section */
		ADE286E62E15266B00DBC7B7 /* Debug */ = {
			isa = XCBuildConfiguration;
			buildSettings = {
				ALWAYS_SEARCH_USER_PATHS = NO;
				ASSETCATALOG_COMPILER_GENERATE_SWIFT_ASSET_SYMBOL_EXTENSIONS = YES;
				CLANG_ANALYZER_NONNULL = YES;
				CLANG_ANALYZER_NUMBER_OBJECT_CONVERSION = YES_AGGRESSIVE;
				CLANG_CXX_LANGUAGE_STANDARD = "gnu++20";
				CLANG_ENABLE_MODULES = YES;
				CLANG_ENABLE_OBJC_ARC = YES;
				CLANG_ENABLE_OBJC_WEAK = YES;
				CLANG_WARN_BLOCK_CAPTURE_AUTORELEASING = YES;
				CLANG_WARN_BOOL_CONVERSION = YES;
				CLANG_WARN_COMMA = YES;
				CLANG_WARN_CONSTANT_CONVERSION = YES;
				CLANG_WARN_DEPRECATED_OBJC_IMPLEMENTATIONS = YES;
				CLANG_WARN_DIRECT_OBJC_ISA_USAGE = YES_ERROR;
				CLANG_WARN_DOCUMENTATION_COMMENTS = YES;
				CLANG_WARN_EMPTY_BODY = YES;
				CLANG_WARN_ENUM_CONVERSION = YES;
				CLANG_WARN_INFINITE_RECURSION = YES;
				CLANG_WARN_INT_CONVERSION = YES;
				CLANG_WARN_NON_LITERAL_NULL_CONVERSION = YES;
				CLANG_WARN_OBJC_IMPLICIT_RETAIN_SELF = YES;
				CLANG_WARN_OBJC_LITERAL_CONVERSION = YES;
				CLANG_WARN_OBJC_ROOT_CLASS = YES_ERROR;
				CLANG_WARN_QUOTED_INCLUDE_IN_FRAMEWORK_HEADER = YES;
				CLANG_WARN_RANGE_LOOP_ANALYSIS = YES;
				CLANG_WARN_STRICT_PROTOTYPES = YES;
				CLANG_WARN_SUSPICIOUS_MOVE = YES;
				CLANG_WARN_UNGUARDED_AVAILABILITY = YES_AGGRESSIVE;
				CLANG_WARN_UNREACHABLE_CODE = YES;
				CLANG_WARN__DUPLICATE_METHOD_MATCH = YES;
				COPY_PHASE_STRIP = NO;
				DEBUG_INFORMATION_FORMAT = dwarf;
				DEVELOPMENT_TEAM = HJ27L89K9L;
				ENABLE_STRICT_OBJC_MSGSEND = YES;
				ENABLE_TESTABILITY = YES;
				ENABLE_USER_SCRIPT_SANDBOXING = YES;
				GCC_C_LANGUAGE_STANDARD = gnu17;
				GCC_DYNAMIC_NO_PIC = NO;
				GCC_NO_COMMON_BLOCKS = YES;
				GCC_OPTIMIZATION_LEVEL = 0;
				GCC_PREPROCESSOR_DEFINITIONS = (
					"DEBUG=1",
					"$(inherited)",
				);
				GCC_WARN_64_TO_32_BIT_CONVERSION = YES;
				GCC_WARN_ABOUT_RETURN_TYPE = YES_ERROR;
				GCC_WARN_UNDECLARED_SELECTOR = YES;
				GCC_WARN_UNINITIALIZED_AUTOS = YES_AGGRESSIVE;
				GCC_WARN_UNUSED_FUNCTION = YES;
				GCC_WARN_UNUSED_VARIABLE = YES;
				LOCALIZATION_PREFERS_STRING_CATALOGS = YES;
				MTL_ENABLE_DEBUG_INFO = INCLUDE_SOURCE;
				MTL_FAST_MATH = YES;
				ONLY_ACTIVE_ARCH = YES;
				SWIFT_ACTIVE_COMPILATION_CONDITIONS = "DEBUG $(inherited)";
				SWIFT_OPTIMIZATION_LEVEL = "-Onone";
			};
			name = Debug;
		};
		ADE286E72E15266B00DBC7B7 /* Release */ = {
			isa = XCBuildConfiguration;
			buildSettings = {
				ALWAYS_SEARCH_USER_PATHS = NO;
				ASSETCATALOG_COMPILER_GENERATE_SWIFT_ASSET_SYMBOL_EXTENSIONS = YES;
				CLANG_ANALYZER_NONNULL = YES;
				CLANG_ANALYZER_NUMBER_OBJECT_CONVERSION = YES_AGGRESSIVE;
				CLANG_CXX_LANGUAGE_STANDARD = "gnu++20";
				CLANG_ENABLE_MODULES = YES;
				CLANG_ENABLE_OBJC_ARC = YES;
				CLANG_ENABLE_OBJC_WEAK = YES;
				CLANG_WARN_BLOCK_CAPTURE_AUTORELEASING = YES;
				CLANG_WARN_BOOL_CONVERSION = YES;
				CLANG_WARN_COMMA = YES;
				CLANG_WARN_CONSTANT_CONVERSION = YES;
				CLANG_WARN_DEPRECATED_OBJC_IMPLEMENTATIONS = YES;
				CLANG_WARN_DIRECT_OBJC_ISA_USAGE = YES_ERROR;
				CLANG_WARN_DOCUMENTATION_COMMENTS = YES;
				CLANG_WARN_EMPTY_BODY = YES;
				CLANG_WARN_ENUM_CONVERSION = YES;
				CLANG_WARN_INFINITE_RECURSION = YES;
				CLANG_WARN_INT_CONVERSION = YES;
				CLANG_WARN_NON_LITERAL_NULL_CONVERSION = YES;
				CLANG_WARN_OBJC_IMPLICIT_RETAIN_SELF = YES;
				CLANG_WARN_OBJC_LITERAL_CONVERSION = YES;
				CLANG_WARN_OBJC_ROOT_CLASS = YES_ERROR;
				CLANG_WARN_QUOTED_INCLUDE_IN_FRAMEWORK_HEADER = YES;
				CLANG_WARN_RANGE_LOOP_ANALYSIS = YES;
				CLANG_WARN_STRICT_PROTOTYPES = YES;
				CLANG_WARN_SUSPICIOUS_MOVE = YES;
				CLANG_WARN_UNGUARDED_AVAILABILITY = YES_AGGRESSIVE;
				CLANG_WARN_UNREACHABLE_CODE = YES;
				CLANG_WARN__DUPLICATE_METHOD_MATCH = YES;
				COPY_PHASE_STRIP = NO;
				DEBUG_INFORMATION_FORMAT = "dwarf-with-dsym";
				DEVELOPMENT_TEAM = HJ27L89K9L;
				ENABLE_NS_ASSERTIONS = NO;
				ENABLE_STRICT_OBJC_MSGSEND = YES;
				ENABLE_USER_SCRIPT_SANDBOXING = YES;
				GCC_C_LANGUAGE_STANDARD = gnu17;
				GCC_NO_COMMON_BLOCKS = YES;
				GCC_WARN_64_TO_32_BIT_CONVERSION = YES;
				GCC_WARN_ABOUT_RETURN_TYPE = YES_ERROR;
				GCC_WARN_UNDECLARED_SELECTOR = YES;
				GCC_WARN_UNINITIALIZED_AUTOS = YES_AGGRESSIVE;
				GCC_WARN_UNUSED_FUNCTION = YES;
				GCC_WARN_UNUSED_VARIABLE = YES;
				LOCALIZATION_PREFERS_STRING_CATALOGS = YES;
				MTL_ENABLE_DEBUG_INFO = NO;
				MTL_FAST_MATH = YES;
				SWIFT_COMPILATION_MODE = wholemodule;
			};
			name = Release;
		};
		ADE286E92E15266B00DBC7B7 /* Debug */ = {
			isa = XCBuildConfiguration;
			buildSettings = {
				ASSETCATALOG_COMPILER_APPICON_NAME = AppIcon;
				ASSETCATALOG_COMPILER_GLOBAL_ACCENT_COLOR_NAME = AccentColor;
				CODE_SIGN_ENTITLEMENTS = songle/Spolle.entitlements;
				CODE_SIGN_STYLE = Automatic;
				CURRENT_PROJECT_VERSION = 1;
				DEVELOPMENT_TEAM = ALA3476WTK;
				ENABLE_HARDENED_RUNTIME = YES;
				ENABLE_PREVIEWS = YES;
				GENERATE_INFOPLIST_FILE = NO;
				INFOPLIST_FILE = songle/Info.plist;
				IPHONEOS_DEPLOYMENT_TARGET = 17.6;
				LD_RUNPATH_SEARCH_PATHS = "@executable_path/Frameworks";
				MARKETING_VERSION = 1.0;
				PRODUCT_BUNDLE_IDENTIFIER = ubag.Spolle;
				PRODUCT_NAME = "$(TARGET_NAME)";
				REGISTER_APP_GROUPS = YES;
				SDKROOT = iphoneos;
				SUPPORTED_PLATFORMS = "iphoneos iphonesimulator";
				SWIFT_EMIT_LOC_STRINGS = YES;
				SWIFT_VERSION = 5.0;
				TARGETED_DEVICE_FAMILY = "1,2";
			};
			name = Debug;
		};
		ADE286EA2E15266B00DBC7B7 /* Release */ = {
			isa = XCBuildConfiguration;
			buildSettings = {
				ASSETCATALOG_COMPILER_APPICON_NAME = AppIcon;
				ASSETCATALOG_COMPILER_GLOBAL_ACCENT_COLOR_NAME = AccentColor;
				CODE_SIGN_ENTITLEMENTS = songle/Spolle.entitlements;
				CODE_SIGN_STYLE = Automatic;
				CURRENT_PROJECT_VERSION = 1;
				DEVELOPMENT_TEAM = ALA3476WTK;
				ENABLE_HARDENED_RUNTIME = YES;
				ENABLE_PREVIEWS = YES;
				GENERATE_INFOPLIST_FILE = NO;
				INFOPLIST_FILE = songle/Info.plist;
				IPHONEOS_DEPLOYMENT_TARGET = 17.6;
				LD_RUNPATH_SEARCH_PATHS = "@executable_path/Frameworks";
				MARKETING_VERSION = 1.0;
				PRODUCT_BUNDLE_IDENTIFIER = ubag.Spolle;
				PRODUCT_NAME = "$(TARGET_NAME)";
				REGISTER_APP_GROUPS = YES;
				SDKROOT = iphoneos;
				SUPPORTED_PLATFORMS = "iphoneos iphonesimulator";
				SWIFT_EMIT_LOC_STRINGS = YES;
				SWIFT_VERSION = 5.0;
				TARGETED_DEVICE_FAMILY = "1,2";
			};
			name = Release;
		};
		ADE286EC2E15266B00DBC7B7 /* Debug */ = {
			isa = XCBuildConfiguration;
			buildSettings = {
				BUNDLE_LOADER = "$(TEST_HOST)";
				CODE_SIGN_STYLE = Automatic;
				CURRENT_PROJECT_VERSION = 1;
				DEVELOPMENT_TEAM = HJ27L89K9L;
				GENERATE_INFOPLIST_FILE = NO;
				IPHONEOS_DEPLOYMENT_TARGET = 18.5;
				MACOSX_DEPLOYMENT_TARGET = 15.5;
				MARKETING_VERSION = 1.0;
				PRODUCT_BUNDLE_IDENTIFIER = ubag.SpolleTests;
				PRODUCT_NAME = "$(TARGET_NAME)";
				SDKROOT = iphoneos;
				SUPPORTED_PLATFORMS = "iphoneos iphonesimulator";
				SWIFT_EMIT_LOC_STRINGS = NO;
				SWIFT_VERSION = 5.0;
				TARGETED_DEVICE_FAMILY = "1,2";
				TEST_HOST = "$(BUILT_PRODUCTS_DIR)/Spolle.app/$(BUNDLE_EXECUTABLE_FOLDER_PATH)/Spolle";
			};
			name = Debug;
		};
		ADE286ED2E15266B00DBC7B7 /* Release */ = {
			isa = XCBuildConfiguration;
			buildSettings = {
				BUNDLE_LOADER = "$(TEST_HOST)";
				CODE_SIGN_STYLE = Automatic;
				CURRENT_PROJECT_VERSION = 1;
				DEVELOPMENT_TEAM = HJ27L89K9L;
				GENERATE_INFOPLIST_FILE = NO;
				IPHONEOS_DEPLOYMENT_TARGET = 18.5;
				MACOSX_DEPLOYMENT_TARGET = 15.5;
				MARKETING_VERSION = 1.0;
				PRODUCT_BUNDLE_IDENTIFIER = ubag.SpolleTests;
				PRODUCT_NAME = "$(TARGET_NAME)";
				SDKROOT = iphoneos;
				SUPPORTED_PLATFORMS = "iphoneos iphonesimulator";
				SWIFT_EMIT_LOC_STRINGS = NO;
				SWIFT_VERSION = 5.0;
				TARGETED_DEVICE_FAMILY = "1,2";
				TEST_HOST = "$(BUILT_PRODUCTS_DIR)/Spolle.app/$(BUNDLE_EXECUTABLE_FOLDER_PATH)/Spolle";
			};
			name = Release;
		};
		ADE286EF2E15266B00DBC7B7 /* Debug */ = {
			isa = XCBuildConfiguration;
			buildSettings = {
				CODE_SIGN_STYLE = Automatic;
				CURRENT_PROJECT_VERSION = 1;
				DEVELOPMENT_TEAM = HJ27L89K9L;
				GENERATE_INFOPLIST_FILE = NO;
				IPHONEOS_DEPLOYMENT_TARGET = 18.5;
				MACOSX_DEPLOYMENT_TARGET = 15.5;
				MARKETING_VERSION = 1.0;
				PRODUCT_BUNDLE_IDENTIFIER = ubag.SpolleUITests;
				PRODUCT_NAME = "$(TARGET_NAME)";
				SDKROOT = iphoneos;
				SUPPORTED_PLATFORMS = "iphoneos iphonesimulator";
				SWIFT_EMIT_LOC_STRINGS = NO;
				SWIFT_VERSION = 5.0;
				TARGETED_DEVICE_FAMILY = "1,2";
				TEST_TARGET_NAME = Spolle;
			};
			name = Debug;
		};
		ADE286F02E15266B00DBC7B7 /* Release */ = {
			isa = XCBuildConfiguration;
			buildSettings = {
				CODE_SIGN_STYLE = Automatic;
				CURRENT_PROJECT_VERSION = 1;
				DEVELOPMENT_TEAM = HJ27L89K9L;
				GENERATE_INFOPLIST_FILE = NO;
				IPHONEOS_DEPLOYMENT_TARGET = 18.5;
				MACOSX_DEPLOYMENT_TARGET = 15.5;
				MARKETING_VERSION = 1.0;
				PRODUCT_BUNDLE_IDENTIFIER = ubag.SpolleUITests;
				PRODUCT_NAME = "$(TARGET_NAME)";
				SDKROOT = iphoneos;
				SUPPORTED_PLATFORMS = "iphoneos iphonesimulator";
				SWIFT_EMIT_LOC_STRINGS = NO;
				SWIFT_VERSION = 5.0;
				TARGETED_DEVICE_FAMILY = "1,2";
				TEST_TARGET_NAME = Spolle;
			};
			name = Release;
		};
/* End XCBuildConfiguration section */

/* Begin XCConfigurationList section */
		ADE286BF2E15266800DBC7B7 /* Build configuration list for PBXProject "songle" */ = {
			isa = XCConfigurationList;
			buildConfigurations = (
				ADE286E62E15266B00DBC7B7 /* Debug */,
				ADE286E72E15266B00DBC7B7 /* Release */,
			);
			defaultConfigurationIsVisible = 0;
			defaultConfigurationName = Release;
		};
		ADE286E82E15266B00DBC7B7 /* Build configuration list for PBXNativeTarget "Spolle" */ = {
			isa = XCConfigurationList;
			buildConfigurations = (
				ADE286E92E15266B00DBC7B7 /* Debug */,
				ADE286EA2E15266B00DBC7B7 /* Release */,
			);
			defaultConfigurationIsVisible = 0;
			defaultConfigurationName = Release;
		};
		ADE286EB2E15266B00DBC7B7 /* Build configuration list for PBXNativeTarget "SpolleTests" */ = {
			isa = XCConfigurationList;
			buildConfigurations = (
				ADE286EC2E15266B00DBC7B7 /* Debug */,
				ADE286ED2E15266B00DBC7B7 /* Release */,
			);
			defaultConfigurationIsVisible = 0;
			defaultConfigurationName = Release;
		};
		ADE286EE2E15266B00DBC7B7 /* Build configuration list for PBXNativeTarget "SpolleUITests" */ = {
			isa = XCConfigurationList;
			buildConfigurations = (
				ADE286EF2E15266B00DBC7B7 /* Debug */,
				ADE286F02E15266B00DBC7B7 /* Release */,
			);
			defaultConfigurationIsVisible = 0;
			defaultConfigurationName = Release;
		};
/* End XCConfigurationList section */

/* Begin XCRemoteSwiftPackageReference section */
		111311B32E36147B006A87B9 /* XCRemoteSwiftPackageReference "swift-package-manager-google-mobile-ads" */ = {
			isa = XCRemoteSwiftPackageReference;
			repositoryURL = "https://github.com/googleads/swift-package-manager-google-mobile-ads.git";
			requirement = {
				kind = upToNextMajorVersion;
				minimumVersion = 12.7.0;
			};
		};
		112F66042E1EFCB30025BCBB /* XCRemoteSwiftPackageReference "firebase-ios-sdk" */ = {
			isa = XCRemoteSwiftPackageReference;
			repositoryURL = "https://github.com/firebase/firebase-ios-sdk";
			requirement = {
				kind = upToNextMajorVersion;
				minimumVersion = 11.15.0;
			};
		};
/* End XCRemoteSwiftPackageReference section */

/* Begin XCSwiftPackageProductDependency section */
		1113119A2E36147B006A87B9 /* GoogleMobileAds */ = {
			isa = XCSwiftPackageProductDependency;
			package = 111311B32E36147B006A87B9 /* XCRemoteSwiftPackageReference "swift-package-manager-google-mobile-ads" */;
			productName = GoogleMobileAds;
		};
		112F66052E1EFCB40025BCBB /* FirebaseFirestore */ = {
			isa = XCSwiftPackageProductDependency;
			package = 112F66042E1EFCB30025BCBB /* XCRemoteSwiftPackageReference "firebase-ios-sdk" */;
			productName = FirebaseFirestore;
		};
/* End XCSwiftPackageProductDependency section */
	};
	rootObject = ADE286BC2E15266800DBC7B7 /* Project object */;
}

